{
  "projects": [
    {
      "projectId": "5TUFsMr1jutmu8n3UiyCoV",
      "version": "latest",
      "dependencies": {},
      "lang": "ts",
      "fileLocks": [
        {
          "type": "globalVariant",
          "assetId": "CGTY63khMo",
          "checksum": "5dfefbd3db83cc8b9fdf8f3d4a130d33"
        },
        {
          "type": "renderModule",
          "assetId": "jznGXWeZ3e",
          "checksum": "615815d21c7547e6835c8375283304dc"
        },
        {
          "type": "cssRules",
          "assetId": "jznGXWeZ3e",
          "checksum": "615815d21c7547e6835c8375283304dc"
        },
        {
          "type": "renderModule",
          "assetId": "M60KbPHn4A",
          "checksum": "ffe4f3a4e7e563bcc792070bdc6a666d"
        },
        {
          "type": "cssRules",
          "assetId": "M60KbPHn4A",
          "checksum": "ffe4f3a4e7e563bcc792070bdc6a666d"
        },
        {
          "type": "image",
          "assetId": "bSAXVfZRY",
          "checksum": "c9b20b4c33e48530e7971a44685a26eb"
        },
        {
          "assetId": "5TUFsMr1jutmu8n3UiyCoV",
          "type": "projectCss",
          "checksum": "0824e9860e973c0867dfb213e203ef0a"
        }
      ]
    }
  ],
  "cliVersion": "0.1.161"
}
