{
  "projects": [
    {
      "projectId": "5TUFsMr1jutmu8n3UiyCoV",
      "version": "latest",
      "dependencies": {},
      "lang": "ts",
      "fileLocks": [
        {
          "type": "globalVariant",
          "assetId": "CGTY63khMo",
          "checksum": "5dfefbd3db83cc8b9fdf8f3d4a130d33"
        },
        {
          "type": "renderModule",
          "assetId": "jznGXWeZ3e",
          "checksum": "0c6a1f7d145f2d1dc543453ef35681a7"
        },
        {
          "type": "cssRules",
          "assetId": "jznGXWeZ3e",
          "checksum": "0c6a1f7d145f2d1dc543453ef35681a7"
        },
        {
          "type": "renderModule",
          "assetId": "M60KbPHn4A",
          "checksum": "a1fd8f89f9d7f7e344367c6163ae69a8"
        },
        {
          "type": "cssRules",
          "assetId": "M60KbPHn4A",
          "checksum": "a1fd8f89f9d7f7e344367c6163ae69a8"
        },
        {
          "type": "image",
          "assetId": "bSAXVfZRY",
          "checksum": "c9b20b4c33e48530e7971a44685a26eb"
        },
        {
          "type": "renderModule",
          "assetId": "ImdPFYAZQh",
          "checksum": "c22ba37eb1c54e7b0d88f08872788310"
        },
        {
          "type": "cssRules",
          "assetId": "ImdPFYAZQh",
          "checksum": "c22ba37eb1c54e7b0d88f08872788310"
        },
        {
          "assetId": "5TUFsMr1jutmu8n3UiyCoV",
          "type": "projectCss",
          "checksum": "6d05a1671796a139cbe7cb42c2ad1d8e"
        }
      ]
    }
  ],
  "cliVersion": "0.1.161"
}
